// !$*UTF8*$!
{
	archiveVersion = 1;
	classes = {
	};
	objectVersion = 46;
	objects = {

/* Begin PBXBuildFile section */
		DC49317917F9F88F00402F77 /* Default-568h@2x.png in Resources */ = {isa = PBXBuildFile; fileRef = DC49317817F9F88F00402F77 /* Default-568h@2x.png */; };
		DCC96ACD152E11210064C500 /* UIKit.framework in Frameworks */ = {isa = PBXBuildFile; fileRef = DCC96ACC152E11210064C500 /* UIKit.framework */; };
		DCC96ACF152E11210064C500 /* Foundation.framework in Frameworks */ = {isa = PBXBuildFile; fileRef = DCC96ACE152E11210064C500 /* Foundation.framework */; };
		DCC96AD1152E11210064C500 /* CoreGraphics.framework in Frameworks */ = {isa = PBXBuildFile; fileRef = DCC96AD0152E11210064C500 /* CoreGraphics.framework */; };
		DCC96AD7152E11210064C500 /* InfoPlist.strings in Resources */ = {isa = PBXBuildFile; fileRef = DCC96AD5152E11210064C500 /* InfoPlist.strings */; };
		DCC96AE3152E11210064C500 /* ViewController.xib in Resources */ = {isa = PBXBuildFile; fileRef = DCC96AE1152E11210064C500 /* ViewController.xib */; };
/* End PBXBuildFile section */

/* Begin PBXFileReference section */
		0400B8441C80419D0079C563 /* GCDAsyncUdpSocket.h */ = {isa = PBXFileReference; fileEncoding = 4; lastKnownFileType = sourcecode.c.h; name = GCDAsyncUdpSocket.h; path = ../../../../Source/GCD/GCDAsyncUdpSocket.h; sourceTree = "<group>"; };
		0400B8451C80419D0079C563 /* GCDAsyncUdpSocket.m */ = {isa = PBXFileReference; fileEncoding = 4; lastKnownFileType = sourcecode.c.objc; name = GCDAsyncUdpSocket.m; path = ../../../../Source/GCD/GCDAsyncUdpSocket.m; sourceTree = "<group>"; };
		0400B8621C8046940079C563 /* DDAbstractDatabaseLogger.h */ = {isa = PBXFileReference; fileEncoding = 4; lastKnownFileType = sourcecode.c.h; name = DDAbstractDatabaseLogger.h; path = ../../../../Source/Vendor/CocoaLumberjack/DDAbstractDatabaseLogger.h; sourceTree = "<group>"; };
		0400B8631C8046940079C563 /* DDAbstractDatabaseLogger.m */ = {isa = PBXFileReference; fileEncoding = 4; lastKnownFileType = sourcecode.c.objc; name = DDAbstractDatabaseLogger.m; path = ../../../../Source/Vendor/CocoaLumberjack/DDAbstractDatabaseLogger.m; sourceTree = "<group>"; };
		0400B8641C8046940079C563 /* DDASLLogger.h */ = {isa = PBXFileReference; fileEncoding = 4; lastKnownFileType = sourcecode.c.h; name = DDASLLogger.h; path = ../../../../Source/Vendor/CocoaLumberjack/DDASLLogger.h; sourceTree = "<group>"; };
		0400B8651C8046940079C563 /* DDASLLogger.m */ = {isa = PBXFileReference; fileEncoding = 4; lastKnownFileType = sourcecode.c.objc; name = DDASLLogger.m; path = ../../../../Source/Vendor/CocoaLumberjack/DDASLLogger.m; sourceTree = "<group>"; };
		0400B8661C8046940079C563 /* DDFileLogger.h */ = {isa = PBXFileReference; fileEncoding = 4; lastKnownFileType = sourcecode.c.h; name = DDFileLogger.h; path = ../../../../Source/Vendor/CocoaLumberjack/DDFileLogger.h; sourceTree = "<group>"; };
		0400B8671C8046940079C563 /* DDFileLogger.m */ = {isa = PBXFileReference; fileEncoding = 4; lastKnownFileType = sourcecode.c.objc; name = DDFileLogger.m; path = ../../../../Source/Vendor/CocoaLumberjack/DDFileLogger.m; sourceTree = "<group>"; };
		0400B8681C8046940079C563 /* DDLog.h */ = {isa = PBXFileReference; fileEncoding = 4; lastKnownFileType = sourcecode.c.h; name = DDLog.h; path = ../../../../Source/Vendor/CocoaLumberjack/DDLog.h; sourceTree = "<group>"; };
		0400B8691C8046940079C563 /* DDLog.m */ = {isa = PBXFileReference; fileEncoding = 4; lastKnownFileType = sourcecode.c.objc; name = DDLog.m; path = ../../../../Source/Vendor/CocoaLumberjack/DDLog.m; sourceTree = "<group>"; };
		0400B86A1C8046940079C563 /* DDLog+LOGV.h */ = {isa = PBXFileReference; fileEncoding = 4; lastKnownFileType = sourcecode.c.h; name = "DDLog+LOGV.h"; path = "../../../../Source/Vendor/CocoaLumberjack/DDLog+LOGV.h"; sourceTree = "<group>"; };
		0400B86B1C8046940079C563 /* DDTTYLogger.h */ = {isa = PBXFileReference; fileEncoding = 4; lastKnownFileType = sourcecode.c.h; name = DDTTYLogger.h; path = ../../../../Source/Vendor/CocoaLumberjack/DDTTYLogger.h; sourceTree = "<group>"; };
		0400B86C1C8046940079C563 /* DDTTYLogger.m */ = {isa = PBXFileReference; fileEncoding = 4; lastKnownFileType = sourcecode.c.objc; name = DDTTYLogger.m; path = ../../../../Source/Vendor/CocoaLumberjack/DDTTYLogger.m; sourceTree = "<group>"; };
		DC49317817F9F88F00402F77 /* Default-568h@2x.png */ = {isa = PBXFileReference; lastKnownFileType = image.png; name = "Default-568h@2x.png"; path = "../Default-568h@2x.png"; sourceTree = "<group>"; };
		DCC96AC8152E11210064C500 /* UdpEchoClient.app */ = {isa = PBXFileReference; explicitFileType = wrapper.application; includeInIndex = 0; path = UdpEchoClient.app; sourceTree = BUILT_PRODUCTS_DIR; };
		DCC96ACC152E11210064C500 /* UIKit.framework */ = {isa = PBXFileReference; lastKnownFileType = wrapper.framework; name = UIKit.framework; path = System/Library/Frameworks/UIKit.framework; sourceTree = SDKROOT; };
		DCC96ACE152E11210064C500 /* Foundation.framework */ = {isa = PBXFileReference; lastKnownFileType = wrapper.framework; name = Foundation.framework; path = System/Library/Frameworks/Foundation.framework; sourceTree = SDKROOT; };
		DCC96AD0152E11210064C500 /* CoreGraphics.framework */ = {isa = PBXFileReference; lastKnownFileType = wrapper.framework; name = CoreGraphics.framework; path = System/Library/Frameworks/CoreGraphics.framework; sourceTree = SDKROOT; };
		DCC96AD4152E11210064C500 /* UdpEchoClient-Info.plist */ = {isa = PBXFileReference; lastKnownFileType = text.plist.xml; path = "UdpEchoClient-Info.plist"; sourceTree = "<group>"; };
		DCC96AD6152E11210064C500 /* en */ = {isa = PBXFileReference; lastKnownFileType = text.plist.strings; name = en; path = en.lproj/InfoPlist.strings; sourceTree = "<group>"; };
		DCC96AD8152E11210064C500 /* main.m */ = {isa = PBXFileReference; lastKnownFileType = sourcecode.c.objc; path = main.m; sourceTree = "<group>"; };
		DCC96ADA152E11210064C500 /* UdpEchoClient-Prefix.pch */ = {isa = PBXFileReference; lastKnownFileType = sourcecode.c.h; path = "UdpEchoClient-Prefix.pch"; sourceTree = "<group>"; };
		DCC96ADB152E11210064C500 /* AppDelegate.h */ = {isa = PBXFileReference; lastKnownFileType = sourcecode.c.h; path = AppDelegate.h; sourceTree = "<group>"; };
		DCC96ADC152E11210064C500 /* AppDelegate.m */ = {isa = PBXFileReference; lastKnownFileType = sourcecode.c.objc; path = AppDelegate.m; sourceTree = "<group>"; };
		DCC96ADE152E11210064C500 /* ViewController.h */ = {isa = PBXFileReference; lastKnownFileType = sourcecode.c.h; path = ViewController.h; sourceTree = "<group>"; };
		DCC96ADF152E11210064C500 /* ViewController.m */ = {isa = PBXFileReference; lastKnownFileType = sourcecode.c.objc; path = ViewController.m; sourceTree = "<group>"; };
		DCC96AE2152E11210064C500 /* en */ = {isa = PBXFileReference; lastKnownFileType = file.xib; name = en; path = en.lproj/ViewController.xib; sourceTree = "<group>"; };
/* End PBXFileReference section */

/* Begin PBXFrameworksBuildPhase section */
		DCC96AC5152E11210064C500 /* Frameworks */ = {
			isa = PBXFrameworksBuildPhase;
			buildActionMask = 2147483647;
			files = (
				DCC96ACD152E11210064C500 /* UIKit.framework in Frameworks */,
				DCC96ACF152E11210064C500 /* Foundation.framework in Frameworks */,
				DCC96AD1152E11210064C500 /* CoreGraphics.framework in Frameworks */,
			);
			runOnlyForDeploymentPostprocessing = 0;
		};
/* End PBXFrameworksBuildPhase section */

/* Begin PBXGroup section */
		0400B86D1C80469B0079C563 /* Logging */ = {
			isa = PBXGroup;
			children = (
				0400B8621C8046940079C563 /* DDAbstractDatabaseLogger.h */,
				0400B8631C8046940079C563 /* DDAbstractDatabaseLogger.m */,
				0400B8641C8046940079C563 /* DDASLLogger.h */,
				0400B8651C8046940079C563 /* DDASLLogger.m */,
				0400B8661C8046940079C563 /* DDFileLogger.h */,
				0400B8671C8046940079C563 /* DDFileLogger.m */,
				0400B8681C8046940079C563 /* DDLog.h */,
				0400B8691C8046940079C563 /* DDLog.m */,
				0400B86A1C8046940079C563 /* DDLog+LOGV.h */,
				0400B86B1C8046940079C563 /* DDTTYLogger.h */,
				0400B86C1C8046940079C563 /* DDTTYLogger.m */,
			);
			name = Logging;
			sourceTree = "<group>";
		};
		DCC96ABD152E11210064C500 = {
			isa = PBXGroup;
			children = (
				0400B86D1C80469B0079C563 /* Logging */,
				DCC96B07152E114C0064C500 /* UDP */,
				DCC96AD2152E11210064C500 /* UdpEchoClient */,
				DCC96ACB152E11210064C500 /* Frameworks */,
				DCC96AC9152E11210064C500 /* Products */,
			);
			sourceTree = "<group>";
		};
		DCC96AC9152E11210064C500 /* Products */ = {
			isa = PBXGroup;
			children = (
				DCC96AC8152E11210064C500 /* UdpEchoClient.app */,
			);
			name = Products;
			sourceTree = "<group>";
		};
		DCC96ACB152E11210064C500 /* Frameworks */ = {
			isa = PBXGroup;
			children = (
				DCC96ACC152E11210064C500 /* UIKit.framework */,
				DCC96ACE152E11210064C500 /* Foundation.framework */,
				DCC96AD0152E11210064C500 /* CoreGraphics.framework */,
			);
			name = Frameworks;
			sourceTree = "<group>";
		};
		DCC96AD2152E11210064C500 /* UdpEchoClient */ = {
			isa = PBXGroup;
			children = (
				DCC96ADB152E11210064C500 /* AppDelegate.h */,
				DCC96ADC152E11210064C500 /* AppDelegate.m */,
				DCC96ADE152E11210064C500 /* ViewController.h */,
				DCC96ADF152E11210064C500 /* ViewController.m */,
				DCC96AE1152E11210064C500 /* ViewController.xib */,
				DCC96AD3152E11210064C500 /* Supporting Files */,
			);
			path = UdpEchoClient;
			sourceTree = "<group>";
		};
		DCC96AD3152E11210064C500 /* Supporting Files */ = {
			isa = PBXGroup;
			children = (
				DC49317817F9F88F00402F77 /* Default-568h@2x.png */,
				DCC96AD4152E11210064C500 /* UdpEchoClient-Info.plist */,
				DCC96AD5152E11210064C500 /* InfoPlist.strings */,
				DCC96AD8152E11210064C500 /* main.m */,
				DCC96ADA152E11210064C500 /* UdpEchoClient-Prefix.pch */,
			);
			name = "Supporting Files";
			sourceTree = "<group>";
		};
		DCC96B07152E114C0064C500 /* UDP */ = {
			isa = PBXGroup;
			children = (
				0400B8441C80419D0079C563 /* GCDAsyncUdpSocket.h */,
				0400B8451C80419D0079C563 /* GCDAsyncUdpSocket.m */,
			);
			name = UDP;
			sourceTree = "<group>";
		};
/* End PBXGroup section */

/* Begin PBXNativeTarget section */
		DCC96AC7152E11210064C500 /* UdpEchoClient */ = {
			isa = PBXNativeTarget;
			buildConfigurationList = DCC96AE6152E11210064C500 /* Build configuration list for PBXNativeTarget "UdpEchoClient" */;
			buildPhases = (
				DCC96AC5152E11210064C500 /* Frameworks */,
				DCC96AC6152E11210064C500 /* Resources */,
			);
			buildRules = (
			);
			dependencies = (
			);
			name = UdpEchoClient;
			productName = UdpEchoClient;
			productReference = DCC96AC8152E11210064C500 /* UdpEchoClient.app */;
			productType = "com.apple.product-type.application";
		};
/* End PBXNativeTarget section */

/* Begin PBXProject section */
		DCC96ABF152E11210064C500 /* Project object */ = {
			isa = PBXProject;
			attributes = {
				LastUpgradeCheck = 0500;
			};
			buildConfigurationList = DCC96AC2152E11210064C500 /* Build configuration list for PBXProject "UdpEchoClient" */;
			compatibilityVersion = "Xcode 3.2";
			developmentRegion = English;
			hasScannedForEncodings = 0;
			knownRegions = (
				en,
			);
			mainGroup = DCC96ABD152E11210064C500;
			productRefGroup = DCC96AC9152E11210064C500 /* Products */;
			projectDirPath = "";
			projectRoot = "";
			targets = (
				DCC96AC7152E11210064C500 /* UdpEchoClient */,
			);
		};
/* End PBXProject section */

/* Begin PBXResourcesBuildPhase section */
		DCC96AC6152E11210064C500 /* Resources */ = {
			isa = PBXResourcesBuildPhase;
			buildActionMask = 2147483647;
			files = (
				DCC96AD7152E11210064C500 /* InfoPlist.strings in Resources */,
				DC49317917F9F88F00402F77 /* Default-568h@2x.png in Resources */,
				DCC96AE3152E11210064C500 /* ViewController.xib in Resources */,
			);
			runOnlyForDeploymentPostprocessing = 0;
		};
/* End PBXResourcesBuildPhase section */

/* Begin PBXVariantGroup section */
		DCC96AD5152E11210064C500 /* InfoPlist.strings */ = {
			isa = PBXVariantGroup;
			children = (
				DCC96AD6152E11210064C500 /* en */,
			);
			name = InfoPlist.strings;
			sourceTree = "<group>";
		};
		DCC96AE1152E11210064C500 /* ViewController.xib */ = {
			isa = PBXVariantGroup;
			children = (
				DCC96AE2152E11210064C500 /* en */,
			);
			name = ViewController.xib;
			sourceTree = "<group>";
		};
/* End PBXVariantGroup section */

/* Begin XCBuildConfiguration section */
		DCC96AE4152E11210064C500 /* Debug */ = {
			isa = XCBuildConfiguration;
			buildSettings = {
				ALWAYS_SEARCH_USER_PATHS = NO;
				CLANG_ENABLE_OBJC_ARC = YES;
				CLANG_WARN_BOOL_CONVERSION = YES;
				CLANG_WARN_CONSTANT_CONVERSION = YES;
				CLANG_WARN_EMPTY_BODY = YES;
				CLANG_WARN_ENUM_CONVERSION = YES;
				CLANG_WARN_INT_CONVERSION = YES;
				CLANG_WARN__DUPLICATE_METHOD_MATCH = YES;
				"CODE_SIGN_IDENTITY[sdk=iphoneos*]" = "iPhone Developer";
				COPY_PHASE_STRIP = NO;
				GCC_C_LANGUAGE_STANDARD = gnu99;
				GCC_DYNAMIC_NO_PIC = NO;
				GCC_OPTIMIZATION_LEVEL = 0;
				GCC_PREPROCESSOR_DEFINITIONS = (
					"DEBUG=1",
					"$(inherited)",
				);
				GCC_SYMBOLS_PRIVATE_EXTERN = NO;
				GCC_VERSION = com.apple.compilers.llvm.clang.1_0;
				GCC_WARN_64_TO_32_BIT_CONVERSION = YES;
				GCC_WARN_ABOUT_RETURN_TYPE = YES;
				GCC_WARN_UNDECLARED_SELECTOR = YES;
				GCC_WARN_UNINITIALIZED_AUTOS = YES;
				GCC_WARN_UNUSED_FUNCTION = YES;
				GCC_WARN_UNUSED_VARIABLE = YES;
				IPHONEOS_DEPLOYMENT_TARGET = 5.1;
				ONLY_ACTIVE_ARCH = YES;
				PRODUCT_NAME = UdpEchoClient;
				SDKROOT = iphoneos;
			};
			name = Debug;
		};
		DCC96AE5152E11210064C500 /* Release */ = {
			isa = XCBuildConfiguration;
			buildSettings = {
				ALWAYS_SEARCH_USER_PATHS = NO;
				CLANG_ENABLE_OBJC_ARC = YES;
				CLANG_WARN_BOOL_CONVERSION = YES;
				CLANG_WARN_CONSTANT_CONVERSION = YES;
				CLANG_WARN_EMPTY_BODY = YES;
				CLANG_WARN_ENUM_CONVERSION = YES;
				CLANG_WARN_INT_CONVERSION = YES;
				CLANG_WARN__DUPLICATE_METHOD_MATCH = YES;
				"CODE_SIGN_IDENTITY[sdk=iphoneos*]" = "iPhone Developer";
				COPY_PHASE_STRIP = YES;
				GCC_C_LANGUAGE_STANDARD = gnu99;
				GCC_VERSION = com.apple.compilers.llvm.clang.1_0;
				GCC_WARN_64_TO_32_BIT_CONVERSION = YES;
				GCC_WARN_ABOUT_RETURN_TYPE = YES;
				GCC_WARN_UNDECLARED_SELECTOR = YES;
				GCC_WARN_UNINITIALIZED_AUTOS = YES;
				GCC_WARN_UNUSED_FUNCTION = YES;
				GCC_WARN_UNUSED_VARIABLE = YES;
				IPHONEOS_DEPLOYMENT_TARGET = 5.1;
				OTHER_CFLAGS = "-DNS_BLOCK_ASSERTIONS=1";
				PRODUCT_NAME = UdpEchoClient;
				SDKROOT = iphoneos;
				VALIDATE_PRODUCT = YES;
			};
			name = Release;
		};
		DCC96AE7152E11210064C500 /* Debug */ = {
			isa = XCBuildConfiguration;
			buildSettings = {
				GCC_PRECOMPILE_PREFIX_HEADER = YES;
				GCC_PREFIX_HEADER = "UdpEchoClient/UdpEchoClient-Prefix.pch";
				GCC_VERSION = "";
				INFOPLIST_FILE = "UdpEchoClient/UdpEchoClient-Info.plist";
				IPHONEOS_DEPLOYMENT_TARGET = 7.1;
				PRODUCT_NAME = "$(TARGET_NAME)";
				WRAPPER_EXTENSION = app;
			};
			name = Debug;
		};
		DCC96AE8152E11210064C500 /* Release */ = {
			isa = XCBuildConfiguration;
			buildSettings = {
				GCC_PRECOMPILE_PREFIX_HEADER = YES;
				GCC_PREFIX_HEADER = "UdpEchoClient/UdpEchoClient-Prefix.pch";
				GCC_VERSION = "";
				INFOPLIST_FILE = "UdpEchoClient/UdpEchoClient-Info.plist";
				IPHONEOS_DEPLOYMENT_TARGET = 7.1;
				PRODUCT_NAME = "$(TARGET_NAME)";
				WRAPPER_EXTENSION = app;
			};
			name = Release;
		};
/* End XCBuildConfiguration section */

/* Begin XCConfigurationList section */
		DCC96AC2152E11210064C500 /* Build configuration list for PBXProject "UdpEchoClient" */ = {
			isa = XCConfigurationList;
			buildConfigurations = (
				DCC96AE4152E11210064C500 /* Debug */,
				DCC96AE5152E11210064C500 /* Release */,
			);
			defaultConfigurationIsVisible = 0;
			defaultConfigurationName = Release;
		};
		DCC96AE6152E11210064C500 /* Build configuration list for PBXNativeTarget "UdpEchoClient" */ = {
			isa = XCConfigurationList;
			buildConfigurations = (
				DCC96AE7152E11210064C500 /* Debug */,
				DCC96AE8152E11210064C500 /* Release */,
			);
			defaultConfigurationIsVisible = 0;
			defaultConfigurationName = Release;
		};
/* End XCConfigurationList section */
	};
	rootObject = DCC96ABF152E11210064C500 /* Project object */;
}
